// !$*UTF8*$!
{
	archiveVersion = 1;
	classes = {
	};
	objectVersion = 77;
	objects = {


/* Begin PBXBuildFile section */
		8C9B19568B8544FCAD9BC3BB /* EMCopilotApp.swift in Sources */ = {isa = PBXBuildFile; fileRef = 1A9F9F29AFD540A681500FDE /* EMCopilotApp.swift */; };
		5C9C6FB255674C17802D5AA4 /* DirectReport.swift in Sources */ = {isa = PBXBuildFile; fileRef = 9A438F7590CC4D6DBAAC0CE4 /* DirectReport.swift */; };
		E37A2A82FE754245BE7E73CF /* GeneratedDocument.swift in Sources */ = {isa = PBXBuildFile; fileRef = 00F210C46EBC45148CBF9B77 /* GeneratedDocument.swift */; };
		97946C4E70D34B42BABB7D22 /* Program.swift in Sources */ = {isa = PBXBuildFile; fileRef = C9A7B6CBB6AE41E39AE3100B /* Program.swift */; };
		E8BCA9A41B2B4854AEB07460 /* ClaudeService.swift in Sources */ = {isa = PBXBuildFile; fileRef = C41D85A203D6429D9BC37F55 /* ClaudeService.swift */; };
		D7E9345756DE4F13B8DFBB71 /* Prompts.swift in Sources */ = {isa = PBXBuildFile; fileRef = FACBD41C4D844FCA825B506E /* Prompts.swift */; };
		70BF11019006496AA2823C27 /* ContentView.swift in Sources */ = {isa = PBXBuildFile; fileRef = 9FEE157330904CD79B3259BB /* ContentView.swift */; };
		D256FA7EFC564A7DB892905D /* HomeView.swift in Sources */ = {isa = PBXBuildFile; fileRef = D8AB2FDBA0344A5BB63B5E1E /* HomeView.swift */; };
		85FBA297D0E440A6B84ADB0C /* DirectReportsView.swift in Sources */ = {isa = PBXBuildFile; fileRef = BF5B5F5213924FFCB51AB810 /* DirectReportsView.swift */; };
		C3BA1D46D22B4F29B6C37C63 /* AddDirectReportView.swift in Sources */ = {isa = PBXBuildFile; fileRef = A04AEE2F9811444D8A274F81 /* AddDirectReportView.swift */; };
		B932E8514375437E8B578CCA /* DocumentGeneratorView.swift in Sources */ = {isa = PBXBuildFile; fileRef = C11944B4F33541ED887F7FF9 /* DocumentGeneratorView.swift */; };
		6D1894816AD941AC826DD8DA /* GeneratedDocumentOutputView.swift in Sources */ = {isa = PBXBuildFile; fileRef = 66AB9EAFD9FA44A3B2D06249 /* GeneratedDocumentOutputView.swift */; };
		360CF9A1CA804398804F2BC0 /* ProgramManagerView.swift in Sources */ = {isa = PBXBuildFile; fileRef = 69E427C862494990B94764CF /* ProgramManagerView.swift */; };
		CB4D207A32ED4E1483C53970 /* SettingsView.swift in Sources */ = {isa = PBXBuildFile; fileRef = 53264097649B4AA7AD1FF0FE /* SettingsView.swift */; };
		36950D1527434696AE2F87D8 /* Assets.xcassets in Sources */ = {isa = PBXBuildFile; fileRef = A86452DAC40043FF8013CADC /* Assets.xcassets */; };
		F2ED12948EF74A71BE3AD88F /* SwiftData.framework in Frameworks */ = {isa = PBXBuildFile; fileRef = 838776726A054E0DB32648F9 /* SwiftData.framework */; };
/* End PBXBuildFile section */

/* Begin PBXFileReference section */
		1A9F9F29AFD540A681500FDE /* EMCopilotApp.swift */ = {isa = PBXFileReference; lastKnownFileType = sourcecode.swift; name = EMCopilotApp.swift; path = EMCopilot/App/EMCopilotApp.swift; sourceTree = "<group>"; };
		9A438F7590CC4D6DBAAC0CE4 /* DirectReport.swift */ = {isa = PBXFileReference; lastKnownFileType = sourcecode.swift; name = DirectReport.swift; path = EMCopilot/Models/DirectReport.swift; sourceTree = "<group>"; };
		00F210C46EBC45148CBF9B77 /* GeneratedDocument.swift */ = {isa = PBXFileReference; lastKnownFileType = sourcecode.swift; name = GeneratedDocument.swift; path = EMCopilot/Models/GeneratedDocument.swift; sourceTree = "<group>"; };
		C9A7B6CBB6AE41E39AE3100B /* Program.swift */ = {isa = PBXFileReference; lastKnownFileType = sourcecode.swift; name = Program.swift; path = EMCopilot/Models/Program.swift; sourceTree = "<group>"; };
		C41D85A203D6429D9BC37F55 /* ClaudeService.swift */ = {isa = PBXFileReference; lastKnownFileType = sourcecode.swift; name = ClaudeService.swift; path = EMCopilot/Services/ClaudeService.swift; sourceTree = "<group>"; };
		FACBD41C4D844FCA825B506E /* Prompts.swift */ = {isa = PBXFileReference; lastKnownFileType = sourcecode.swift; name = Prompts.swift; path = EMCopilot/Services/Prompts.swift; sourceTree = "<group>"; };
		9FEE157330904CD79B3259BB /* ContentView.swift */ = {isa = PBXFileReference; lastKnownFileType = sourcecode.swift; name = ContentView.swift; path = EMCopilot/Views/ContentView.swift; sourceTree = "<group>"; };
		D8AB2FDBA0344A5BB63B5E1E /* HomeView.swift */ = {isa = PBXFileReference; lastKnownFileType = sourcecode.swift; name = HomeView.swift; path = EMCopilot/Views/Home/HomeView.swift; sourceTree = "<group>"; };
		BF5B5F5213924FFCB51AB810 /* DirectReportsView.swift */ = {isa = PBXFileReference; lastKnownFileType = sourcecode.swift; name = DirectReportsView.swift; path = EMCopilot/Views/DirectReports/DirectReportsView.swift; sourceTree = "<group>"; };
		A04AEE2F9811444D8A274F81 /* AddDirectReportView.swift */ = {isa = PBXFileReference; lastKnownFileType = sourcecode.swift; name = AddDirectReportView.swift; path = EMCopilot/Views/DirectReports/AddDirectReportView.swift; sourceTree = "<group>"; };
		C11944B4F33541ED887F7FF9 /* DocumentGeneratorView.swift */ = {isa = PBXFileReference; lastKnownFileType = sourcecode.swift; name = DocumentGeneratorView.swift; path = EMCopilot/Views/Generator/DocumentGeneratorView.swift; sourceTree = "<group>"; };
		66AB9EAFD9FA44A3B2D06249 /* GeneratedDocumentOutputView.swift */ = {isa = PBXFileReference; lastKnownFileType = sourcecode.swift; name = GeneratedDocumentOutputView.swift; path = EMCopilot/Views/Generator/GeneratedDocumentOutputView.swift; sourceTree = "<group>"; };
		69E427C862494990B94764CF /* ProgramManagerView.swift */ = {isa = PBXFileReference; lastKnownFileType = sourcecode.swift; name = ProgramManagerView.swift; path = EMCopilot/Views/Programs/ProgramManagerView.swift; sourceTree = "<group>"; };
		53264097649B4AA7AD1FF0FE /* SettingsView.swift */ = {isa = PBXFileReference; lastKnownFileType = sourcecode.swift; name = SettingsView.swift; path = EMCopilot/Views/Settings/SettingsView.swift; sourceTree = "<group>"; };
		A86452DAC40043FF8013CADC /* Assets.xcassets */ = {isa = PBXFileReference; lastKnownFileType = folder.assetcatalog; name = Assets.xcassets; path = EMCopilot/Resources/Assets.xcassets; sourceTree = "<group>"; };
		DA1FE6999115406197CFF998 /* EMCopilot.app */ = {isa = PBXFileReference; explicitFileType = wrapper.application; includeInIndex = 0; path = EMCopilot.app; sourceTree = BUILT_PRODUCTS_DIR; };
		838776726A054E0DB32648F9 /* SwiftData.framework */ = {isa = PBXFileReference; lastKnownFileType = wrapper.framework; name = SwiftData.framework; path = System/Library/Frameworks/SwiftData.framework; sourceTree = SDKROOT; };
/* End PBXFileReference section */

/* Begin PBXFrameworksBuildPhase section */
		A8B564F1B2C54C4396272C41 /* Frameworks */ = {
			isa = PBXFrameworksBuildPhase;
			buildActionMask = 2147483647;
			files = (
				F2ED12948EF74A71BE3AD88F /* SwiftData.framework in Frameworks */,
			);
			runOnlyForDeploymentPostprocessing = 0;
		};
/* End PBXFrameworksBuildPhase section */

/* Begin PBXGroup section */
		4298CBFDA6E948F581DF849B = {
			isa = PBXGroup;
			children = (
				1A9F9F29AFD540A681500FDE /* EMCopilotApp.swift */,
				9A438F7590CC4D6DBAAC0CE4 /* DirectReport.swift */,
				00F210C46EBC45148CBF9B77 /* GeneratedDocument.swift */,
				C9A7B6CBB6AE41E39AE3100B /* Program.swift */,
				C41D85A203D6429D9BC37F55 /* ClaudeService.swift */,
				FACBD41C4D844FCA825B506E /* Prompts.swift */,
				9FEE157330904CD79B3259BB /* ContentView.swift */,
				D8AB2FDBA0344A5BB63B5E1E /* HomeView.swift */,
				BF5B5F5213924FFCB51AB810 /* DirectReportsView.swift */,
				A04AEE2F9811444D8A274F81 /* AddDirectReportView.swift */,
				C11944B4F33541ED887F7FF9 /* DocumentGeneratorView.swift */,
				66AB9EAFD9FA44A3B2D06249 /* GeneratedDocumentOutputView.swift */,
				69E427C862494990B94764CF /* ProgramManagerView.swift */,
				53264097649B4AA7AD1FF0FE /* SettingsView.swift */,
				A86452DAC40043FF8013CADC /* Assets.xcassets */,
				BF515CD19AF5417188B31669 /* Products */,
				838776726A054E0DB32648F9 /* SwiftData.framework */,
			);
			sourceTree = "<group>";
		};
		BF515CD19AF5417188B31669 /* Products */ = {
			isa = PBXGroup;
			children = (
				DA1FE6999115406197CFF998 /* EMCopilot.app */,
			);
			name = Products;
			sourceTree = "<group>";
		};
/* End PBXGroup section */

/* Begin PBXNativeTarget section */
		F39BA88A7CFC43DEB609D0C6 /* EMCopilot */ = {
			isa = PBXNativeTarget;
			buildConfigurationList = 712E7872AE2F461689F51614 /* Build configuration list for PBXNativeTarget "EMCopilot" */;
			buildPhases = (
				78C5F29983EB4458A62B3ADC /* Sources */,
				C3C12BC22646450289FDAC0A /* Resources */,
				A8B564F1B2C54C4396272C41 /* Frameworks */,
			);
			buildRules = (
			);
			dependencies = (
			);
			name = EMCopilot;
			packageProductDependencies = (
			);
			productName = EMCopilot;
			productReference = DA1FE6999115406197CFF998 /* EMCopilot.app */;
			productType = "com.apple.product-type.application";
		};
/* End PBXNativeTarget section */

/* Begin PBXProject section */
		E00D681D1CBA40B18095F27F /* Project object */ = {
			isa = PBXProject;
			attributes = {
				BuildIndependentTargetsInParallel = 1;
				LastSwiftUpdateCheck = 1500;
				LastUpgradeCheck = 1500;
				TargetAttributes = {
					F39BA88A7CFC43DEB609D0C6 = {
						CreatedOnToolsVersion = 15.0;
					};
				};
			};
			buildConfigurationList = A975F19910624E86B5445795 /* Build configuration list for PBXProject "EMCopilot" */;
			compatibilityVersion = "Xcode 15.0";
			developmentRegion = en;
			hasScannedForEncodings = 0;
			knownRegions = (
				en,
				Base,
			);
			mainGroup = 4298CBFDA6E948F581DF849B;
			productRefGroup = BF515CD19AF5417188B31669 /* Products */;
			projectDirPath = "";
			projectRoot = "";
			targets = (
				F39BA88A7CFC43DEB609D0C6 /* EMCopilot */,
			);
		};
/* End PBXProject section */

/* Begin PBXResourcesBuildPhase section */
		C3C12BC22646450289FDAC0A /* Resources */ = {
			isa = PBXResourcesBuildPhase;
			buildActionMask = 2147483647;
			files = (
				36950D1527434696AE2F87D8 /* Assets.xcassets in Resources */,
			);
			runOnlyForDeploymentPostprocessing = 0;
		};
/* End PBXResourcesBuildPhase section */

/* Begin PBXSourcesBuildPhase section */
		78C5F29983EB4458A62B3ADC /* Sources */ = {
			isa = PBXSourcesBuildPhase;
			buildActionMask = 2147483647;
			files = (
				8C9B19568B8544FCAD9BC3BB /* EMCopilotApp.swift in Sources */,
				5C9C6FB255674C17802D5AA4 /* DirectReport.swift in Sources */,
				E37A2A82FE754245BE7E73CF /* GeneratedDocument.swift in Sources */,
				97946C4E70D34B42BABB7D22 /* Program.swift in Sources */,
				E8BCA9A41B2B4854AEB07460 /* ClaudeService.swift in Sources */,
				D7E9345756DE4F13B8DFBB71 /* Prompts.swift in Sources */,
				70BF11019006496AA2823C27 /* ContentView.swift in Sources */,
				D256FA7EFC564A7DB892905D /* HomeView.swift in Sources */,
				85FBA297D0E440A6B84ADB0C /* DirectReportsView.swift in Sources */,
				C3BA1D46D22B4F29B6C37C63 /* AddDirectReportView.swift in Sources */,
				B932E8514375437E8B578CCA /* DocumentGeneratorView.swift in Sources */,
				6D1894816AD941AC826DD8DA /* GeneratedDocumentOutputView.swift in Sources */,
				360CF9A1CA804398804F2BC0 /* ProgramManagerView.swift in Sources */,
				CB4D207A32ED4E1483C53970 /* SettingsView.swift in Sources */,
			);
			runOnlyForDeploymentPostprocessing = 0;
		};
/* End PBXSourcesBuildPhase section */

/* Begin XCBuildConfiguration section */
		8FA4986852B140B285892708 /* Debug */ = {
			isa = XCBuildConfiguration;
			buildSettings = {
				ALWAYS_SEARCH_USER_PATHS = NO;
				CLANG_ENABLE_MODULES = YES;
				COPY_PHASE_STRIP = NO;
				DEBUG_INFORMATION_FORMAT = dwarf;
				ENABLE_STRICT_OBJC_MSGSEND = YES;
				ENABLE_TESTABILITY = YES;
				GCC_C_LANGUAGE_STANDARD = gnu17;
				GCC_DYNAMIC_NO_PIC = NO;
				GCC_OPTIMIZATION_LEVEL = 0;
				GCC_PREPROCESSOR_DEFINITIONS = ("DEBUG=1", "$(inherited)");
				MTL_ENABLE_DEBUG_INFO = INCLUDE_SOURCE;
				MTL_FAST_MATH = YES;
				ONLY_ACTIVE_ARCH = YES;
				SWIFT_ACTIVE_COMPILATION_CONDITIONS = DEBUG;
				SWIFT_OPTIMIZATION_LEVEL = "-Onone";
			};
			name = Debug;
		};
		A468D7DE98CD47118424374F /* Release */ = {
			isa = XCBuildConfiguration;
			buildSettings = {
				ALWAYS_SEARCH_USER_PATHS = NO;
				CLANG_ENABLE_MODULES = YES;
				COPY_PHASE_STRIP = NO;
				DEBUG_INFORMATION_FORMAT = "dwarf-with-dsym";
				ENABLE_NS_ASSERTIONS = NO;
				ENABLE_STRICT_OBJC_MSGSEND = YES;
				GCC_C_LANGUAGE_STANDARD = gnu17;
				MTL_ENABLE_DEBUG_INFO = NO;
				MTL_FAST_MATH = YES;
				SWIFT_COMPILATION_MODE = wholemodule;
				SWIFT_OPTIMIZATION_LEVEL = "-O";
			};
			name = Release;
		};
		FB80E857663841C8B2D2C83D /* Debug */ = {
			isa = XCBuildConfiguration;
			buildSettings = {
				ASSETCATALOG_COMPILER_APPICON_NAME = AppIcon;
				ASSETCATALOG_COMPILER_GLOBAL_ACCENT_COLOR_NAME = AccentColor;
				COMBINE_HIDPI_IMAGES = YES;
				CURRENT_PROJECT_VERSION = 1;
				GENERATE_INFOPLIST_FILE = YES;
				INFOPLIST_KEY_LSApplicationCategoryType = "public.app-category.productivity";
				INFOPLIST_KEY_NSHumanReadableCopyright = "";
				INFOPLIST_KEY_NSPrincipalClass = NSApplication;
				MARKETING_VERSION = 1.0;
				MACOS_DEPLOYMENT_TARGET = 14.0;
				IPHONEOS_DEPLOYMENT_TARGET = 17.0;
				PRODUCT_BUNDLE_IDENTIFIER = "com.yourname.emcopilot";
				PRODUCT_NAME = "$(TARGET_NAME)";
				SDKROOT = auto;
				SUPPORTED_PLATFORMS = "macosx iphoneos iphonesimulator";
				SWIFT_EMIT_LOC_STRINGS = YES;
				SWIFT_VERSION = 5.10;
				TARGETED_DEVICE_FAMILY = "1,2";
			};
			name = Debug;
		};
		B697D4896A154A9A844D2763 /* Release */ = {
			isa = XCBuildConfiguration;
			buildSettings = {
				ASSETCATALOG_COMPILER_APPICON_NAME = AppIcon;
				ASSETCATALOG_COMPILER_GLOBAL_ACCENT_COLOR_NAME = AccentColor;
				COMBINE_HIDPI_IMAGES = YES;
				CURRENT_PROJECT_VERSION = 1;
				GENERATE_INFOPLIST_FILE = YES;
				INFOPLIST_KEY_LSApplicationCategoryType = "public.app-category.productivity";
				INFOPLIST_KEY_NSHumanReadableCopyright = "";
				INFOPLIST_KEY_NSPrincipalClass = NSApplication;
				MARKETING_VERSION = 1.0;
				MACOS_DEPLOYMENT_TARGET = 14.0;
				IPHONEOS_DEPLOYMENT_TARGET = 17.0;
				PRODUCT_BUNDLE_IDENTIFIER = "com.yourname.emcopilot";
				PRODUCT_NAME = "$(TARGET_NAME)";
				SDKROOT = auto;
				SUPPORTED_PLATFORMS = "macosx iphoneos iphonesimulator";
				SWIFT_EMIT_LOC_STRINGS = YES;
				SWIFT_VERSION = 5.10;
				TARGETED_DEVICE_FAMILY = "1,2";
			};
			name = Release;
		};
/* End XCBuildConfiguration section */

/* Begin XCConfigurationList section */
		A975F19910624E86B5445795 /* Build configuration list for PBXProject "EMCopilot" */ = {
			isa = XCConfigurationList;
			buildConfigurations = (
				8FA4986852B140B285892708 /* Debug */,
				A468D7DE98CD47118424374F /* Release */,
			);
			defaultConfigurationIsVisible = 0;
			defaultConfigurationName = Release;
		};
		712E7872AE2F461689F51614 /* Build configuration list for PBXNativeTarget "EMCopilot" */ = {
			isa = XCConfigurationList;
			buildConfigurations = (
				FB80E857663841C8B2D2C83D /* Debug */,
				B697D4896A154A9A844D2763 /* Release */,
			);
			defaultConfigurationIsVisible = 0;
			defaultConfigurationName = Release;
		};
/* End XCConfigurationList section */
	};
	rootObject = E00D681D1CBA40B18095F27F /* Project object */;
}